
Microsoft Visual Studio Solution File, Format Version 12.00
# Visual Studio Version 17
VisualStudioVersion = 17.4.33213.308
MinimumVisualStudioVersion = 10.0.40219.1
Project("{FAE04EC0-301F-11D3-BF4B-00C04F79EFBC}") = "CareerDrishti", "CareerDrishti\CareerDrishti.csproj", "{33BB3BC2-D6D1-4C16-9516-4F2F1BDDA354}"
EndProject
Global
	GlobalSection(SolutionConfigurationPlatforms) = preSolution
		Debug|Any CPU = Debug|Any CPU
		Release|Any CPU = Release|Any CPU
	EndGlobalSection
	GlobalSection(ProjectConfigurationPlatforms) = postSolution
		{33BB3BC2-D6D1-4C16-9516-4F2F1BDDA354}.Debug|Any CPU.ActiveCfg = Debug|Any CPU
		{33BB3BC2-D6D1-4C16-9516-4F2F1BDDA354}.Debug|Any CPU.Build.0 = Debug|Any CPU
		{33BB3BC2-D6D1-4C16-9516-4F2F1BDDA354}.Release|Any CPU.ActiveCfg = Release|Any CPU
		{33BB3BC2-D6D1-4C16-9516-4F2F1BDDA354}.Release|Any CPU.Build.0 = Release|Any CPU
	EndGlobalSection
	GlobalSection(SolutionProperties) = preSolution
		HideSolutionNode = FALSE
	EndGlobalSection
	GlobalSection(ExtensibilityGlobals) = postSolution
		SolutionGuid = {C5A78ECD-E583-4B75-B846-69E767D5767A}
	EndGlobalSection
EndGlobal
